
Microsoft Visual Studio Solution File, Format Version 12.00
# Visual Studio Version 16
VisualStudioVersion = 16.0.29020.237
MinimumVisualStudioVersion = 10.0.40219.1
Project("{FAE04EC0-301F-11D3-BF4B-00C04F79EFBC}") = "StatTracker.Web.MVC", "StatTracker.Web.MVC\StatTracker.Web.MVC.csproj", "{EE6DF852-5AEA-4929-B249-EF4B98D432E5}"
EndProject
Project("{FAE04EC0-301F-11D3-BF4B-00C04F79EFBC}") = "StatTracker.Contracts", "StatTracker.Contracts\StatTracker.Contracts.csproj", "{BD90580C-2878-4F27-96D1-DD00E02F4B7E}"
EndProject
Project("{FAE04EC0-301F-11D3-BF4B-00C04F79EFBC}") = "StatTracker.Data", "StatTracker.Data\StatTracker.Data.csproj", "{6DD792C8-C962-490D-8AEA-FBBC32C7A679}"
EndProject
Project("{FAE04EC0-301F-11D3-BF4B-00C04F79EFBC}") = "StatTracker.Models", "StatTracker.Models\StatTracker.Models.csproj", "{3B9548D3-50D5-4D98-AF2E-7D2597568146}"
EndProject
Project("{FAE04EC0-301F-11D3-BF4B-00C04F79EFBC}") = "StatTracker.Services", "StatTracker.Services\StatTracker.Services.csproj", "{B3F43671-3141-4487-8702-EA2C87A5A22D}"
EndProject
Global
	GlobalSection(SolutionConfigurationPlatforms) = preSolution
		Debug|Any CPU = Debug|Any CPU
		Release|Any CPU = Release|Any CPU
	EndGlobalSection
	GlobalSection(ProjectConfigurationPlatforms) = postSolution
		{EE6DF852-5AEA-4929-B249-EF4B98D432E5}.Debug|Any CPU.ActiveCfg = Debug|Any CPU
		{EE6DF852-5AEA-4929-B249-EF4B98D432E5}.Debug|Any CPU.Build.0 = Debug|Any CPU
		{EE6DF852-5AEA-4929-B249-EF4B98D432E5}.Release|Any CPU.ActiveCfg = Release|Any CPU
		{EE6DF852-5AEA-4929-B249-EF4B98D432E5}.Release|Any CPU.Build.0 = Release|Any CPU
		{BD90580C-2878-4F27-96D1-DD00E02F4B7E}.Debug|Any CPU.ActiveCfg = Debug|Any CPU
		{BD90580C-2878-4F27-96D1-DD00E02F4B7E}.Debug|Any CPU.Build.0 = Debug|Any CPU
		{BD90580C-2878-4F27-96D1-DD00E02F4B7E}.Release|Any CPU.ActiveCfg = Release|Any CPU
		{BD90580C-2878-4F27-96D1-DD00E02F4B7E}.Release|Any CPU.Build.0 = Release|Any CPU
		{6DD792C8-C962-490D-8AEA-FBBC32C7A679}.Debug|Any CPU.ActiveCfg = Debug|Any CPU
		{6DD792C8-C962-490D-8AEA-FBBC32C7A679}.Debug|Any CPU.Build.0 = Debug|Any CPU
		{6DD792C8-C962-490D-8AEA-FBBC32C7A679}.Release|Any CPU.ActiveCfg = Release|Any CPU
		{6DD792C8-C962-490D-8AEA-FBBC32C7A679}.Release|Any CPU.Build.0 = Release|Any CPU
		{3B9548D3-50D5-4D98-AF2E-7D2597568146}.Debug|Any CPU.ActiveCfg = Debug|Any CPU
		{3B9548D3-50D5-4D98-AF2E-7D2597568146}.Debug|Any CPU.Build.0 = Debug|Any CPU
		{3B9548D3-50D5-4D98-AF2E-7D2597568146}.Release|Any CPU.ActiveCfg = Release|Any CPU
		{3B9548D3-50D5-4D98-AF2E-7D2597568146}.Release|Any CPU.Build.0 = Release|Any CPU
		{B3F43671-3141-4487-8702-EA2C87A5A22D}.Debug|Any CPU.ActiveCfg = Debug|Any CPU
		{B3F43671-3141-4487-8702-EA2C87A5A22D}.Debug|Any CPU.Build.0 = Debug|Any CPU
		{B3F43671-3141-4487-8702-EA2C87A5A22D}.Release|Any CPU.ActiveCfg = Release|Any CPU
		{B3F43671-3141-4487-8702-EA2C87A5A22D}.Release|Any CPU.Build.0 = Release|Any CPU
	EndGlobalSection
	GlobalSection(SolutionProperties) = preSolution
		HideSolutionNode = FALSE
	EndGlobalSection
	GlobalSection(ExtensibilityGlobals) = postSolution
		SolutionGuid = {84C39288-C3F6-46F5-A35D-10985B9B2155}
	EndGlobalSection
EndGlobal
